// !$*UTF8*$!
{
	archiveVersion = 1;
	classes = {
	};
	objectVersion = 50;
	objects = {

/* Begin PBXBuildFile section */
		464587DC223036AE006E613C /* AppDelegate.swift in Sources */ = {isa = PBXBuildFile; fileRef = 464587DB223036AE006E613C /* AppDelegate.swift */; };
		464587E1223036AE006E613C /* Main.storyboard in Resources */ = {isa = PBXBuildFile; fileRef = 464587DF223036AE006E613C /* Main.storyboard */; };
		464587E3223036AF006E613C /* Assets.xcassets in Resources */ = {isa = PBXBuildFile; fileRef = 464587E2223036AF006E613C /* Assets.xcassets */; };
		464587E6223036AF006E613C /* LaunchScreen.storyboard in Resources */ = {isa = PBXBuildFile; fileRef = 464587E4223036AF006E613C /* LaunchScreen.storyboard */; };
		4645884722304F14006E613C /* CalculatorViewController.swift in Sources */ = {isa = PBXBuildFile; fileRef = 4645884622304F14006E613C /* CalculatorViewController.swift */; };
		7A1414B4225BDC3B008F0382 /* RPN.framework in Frameworks */ = {isa = PBXBuildFile; fileRef = 4645885222308414006E613C /* RPN.framework */; };
		7A1414B5225BDC3B008F0382 /* RPN.framework in Embed Frameworks */ = {isa = PBXBuildFile; fileRef = 4645885222308414006E613C /* RPN.framework */; settings = {ATTRIBUTES = (CodeSignOnCopy, RemoveHeadersOnCopy, ); }; };
		7A1414B8225BDD3A008F0382 /* TodayViewController.swift in Sources */ = {isa = PBXBuildFile; fileRef = 7A176092225BDA8400E94869 /* TodayViewController.swift */; };
		7A176090225BDA8400E94869 /* NotificationCenter.framework in Frameworks */ = {isa = PBXBuildFile; fileRef = 7A17608F225BDA8400E94869 /* NotificationCenter.framework */; };
		7A176093225BDA8400E94869 /* TodayViewController.swift in Sources */ = {isa = PBXBuildFile; fileRef = 7A176092225BDA8400E94869 /* TodayViewController.swift */; };
		7A176096225BDA8400E94869 /* MainInterface.storyboard in Resources */ = {isa = PBXBuildFile; fileRef = 7A176094225BDA8400E94869 /* MainInterface.storyboard */; };
		7A17609A225BDA8400E94869 /* CalculatorWidget.appex in Embed App Extensions */ = {isa = PBXBuildFile; fileRef = 7A17608D225BDA8400E94869 /* CalculatorWidget.appex */; settings = {ATTRIBUTES = (RemoveHeadersOnCopy, ); }; };
/* End PBXBuildFile section */

/* Begin PBXContainerItemProxy section */
		4645885122308414006E613C /* PBXContainerItemProxy */ = {
			isa = PBXContainerItemProxy;
			containerPortal = 4645884D22308414006E613C /* RPN.xcodeproj */;
			proxyType = 2;
			remoteGlobalIDString = 4645881222303980006E613C;
			remoteInfo = RPN;
		};
		7A1414B6225BDC3B008F0382 /* PBXContainerItemProxy */ = {
			isa = PBXContainerItemProxy;
			containerPortal = 4645884D22308414006E613C /* RPN.xcodeproj */;
			proxyType = 1;
			remoteGlobalIDString = 4645881122303980006E613C;
			remoteInfo = RPN;
		};
		7A176098225BDA8400E94869 /* PBXContainerItemProxy */ = {
			isa = PBXContainerItemProxy;
			containerPortal = 464587D0223036AE006E613C /* Project object */;
			proxyType = 1;
			remoteGlobalIDString = 7A17608C225BDA8400E94869;
			remoteInfo = CalculatorWidget;
		};
/* End PBXContainerItemProxy section */

/* Begin PBXCopyFilesBuildPhase section */
		4645883C22303A61006E613C /* Embed Frameworks */ = {
			isa = PBXCopyFilesBuildPhase;
			buildActionMask = 2147483647;
			dstPath = "";
			dstSubfolderSpec = 10;
			files = (
				7A1414B5225BDC3B008F0382 /* RPN.framework in Embed Frameworks */,
			);
			name = "Embed Frameworks";
			runOnlyForDeploymentPostprocessing = 0;
		};
		7A17609E225BDA8400E94869 /* Embed App Extensions */ = {
			isa = PBXCopyFilesBuildPhase;
			buildActionMask = 2147483647;
			dstPath = "";
			dstSubfolderSpec = 13;
			files = (
				7A17609A225BDA8400E94869 /* CalculatorWidget.appex in Embed App Extensions */,
			);
			name = "Embed App Extensions";
			runOnlyForDeploymentPostprocessing = 0;
		};
/* End PBXCopyFilesBuildPhase section */

/* Begin PBXFileReference section */
		464587D8223036AE006E613C /* Calculator.app */ = {isa = PBXFileReference; explicitFileType = wrapper.application; includeInIndex = 0; path = Calculator.app; sourceTree = BUILT_PRODUCTS_DIR; };
		464587DB223036AE006E613C /* AppDelegate.swift */ = {isa = PBXFileReference; lastKnownFileType = sourcecode.swift; path = AppDelegate.swift; sourceTree = "<group>"; };
		464587E0223036AE006E613C /* Base */ = {isa = PBXFileReference; lastKnownFileType = file.storyboard; name = Base; path = Base.lproj/Main.storyboard; sourceTree = "<group>"; };
		464587E2223036AF006E613C /* Assets.xcassets */ = {isa = PBXFileReference; lastKnownFileType = folder.assetcatalog; path = Assets.xcassets; sourceTree = "<group>"; };
		464587E5223036AF006E613C /* Base */ = {isa = PBXFileReference; lastKnownFileType = file.storyboard; name = Base; path = Base.lproj/LaunchScreen.storyboard; sourceTree = "<group>"; };
		464587E7223036AF006E613C /* Info.plist */ = {isa = PBXFileReference; lastKnownFileType = text.plist.xml; path = Info.plist; sourceTree = "<group>"; };
		4645884622304F14006E613C /* CalculatorViewController.swift */ = {isa = PBXFileReference; lastKnownFileType = sourcecode.swift; path = CalculatorViewController.swift; sourceTree = "<group>"; };
		4645884D22308414006E613C /* RPN.xcodeproj */ = {isa = PBXFileReference; lastKnownFileType = "wrapper.pb-project"; name = RPN.xcodeproj; path = RPN/RPN.xcodeproj; sourceTree = SOURCE_ROOT; };
		7A17608D225BDA8400E94869 /* CalculatorWidget.appex */ = {isa = PBXFileReference; explicitFileType = "wrapper.app-extension"; includeInIndex = 0; path = CalculatorWidget.appex; sourceTree = BUILT_PRODUCTS_DIR; };
		7A17608F225BDA8400E94869 /* NotificationCenter.framework */ = {isa = PBXFileReference; lastKnownFileType = wrapper.framework; name = NotificationCenter.framework; path = System/Library/Frameworks/NotificationCenter.framework; sourceTree = SDKROOT; };
		7A176092225BDA8400E94869 /* TodayViewController.swift */ = {isa = PBXFileReference; lastKnownFileType = sourcecode.swift; path = TodayViewController.swift; sourceTree = "<group>"; };
		7A176095225BDA8400E94869 /* Base */ = {isa = PBXFileReference; lastKnownFileType = file.storyboard; name = Base; path = Base.lproj/MainInterface.storyboard; sourceTree = "<group>"; };
		7A176097225BDA8400E94869 /* Info.plist */ = {isa = PBXFileReference; lastKnownFileType = text.plist.xml; path = Info.plist; sourceTree = "<group>"; };
/* End PBXFileReference section */

/* Begin PBXFrameworksBuildPhase section */
		464587D5223036AE006E613C /* Frameworks */ = {
			isa = PBXFrameworksBuildPhase;
			buildActionMask = 2147483647;
			files = (
				7A1414B4225BDC3B008F0382 /* RPN.framework in Frameworks */,
			);
			runOnlyForDeploymentPostprocessing = 0;
		};
		7A17608A225BDA8400E94869 /* Frameworks */ = {
			isa = PBXFrameworksBuildPhase;
			buildActionMask = 2147483647;
			files = (
				7A176090225BDA8400E94869 /* NotificationCenter.framework in Frameworks */,
			);
			runOnlyForDeploymentPostprocessing = 0;
		};
/* End PBXFrameworksBuildPhase section */

/* Begin PBXGroup section */
		464587CF223036AE006E613C = {
			isa = PBXGroup;
			children = (
				464587DA223036AE006E613C /* Calculator */,
				7A176091225BDA8400E94869 /* CalculatorWidget */,
				7A17608E225BDA8400E94869 /* Frameworks */,
				464587D9223036AE006E613C /* Products */,
			);
			sourceTree = "<group>";
		};
		464587D9223036AE006E613C /* Products */ = {
			isa = PBXGroup;
			children = (
				464587D8223036AE006E613C /* Calculator.app */,
				7A17608D225BDA8400E94869 /* CalculatorWidget.appex */,
			);
			name = Products;
			sourceTree = "<group>";
		};
		464587DA223036AE006E613C /* Calculator */ = {
			isa = PBXGroup;
			children = (
				4645884622304F14006E613C /* CalculatorViewController.swift */,
				464587DB223036AE006E613C /* AppDelegate.swift */,
				464587DF223036AE006E613C /* Main.storyboard */,
				464587E2223036AF006E613C /* Assets.xcassets */,
				464587E4223036AF006E613C /* LaunchScreen.storyboard */,
				464587E7223036AF006E613C /* Info.plist */,
				4645882A22303A0F006E613C /* Frameworks */,
			);
			path = Calculator;
			sourceTree = "<group>";
		};
		4645882A22303A0F006E613C /* Frameworks */ = {
			isa = PBXGroup;
			children = (
				4645884D22308414006E613C /* RPN.xcodeproj */,
			);
			path = Frameworks;
			sourceTree = "<group>";
		};
		4645884E22308414006E613C /* Products */ = {
			isa = PBXGroup;
			children = (
				4645885222308414006E613C /* RPN.framework */,
			);
			name = Products;
			sourceTree = "<group>";
		};
		7A17608E225BDA8400E94869 /* Frameworks */ = {
			isa = PBXGroup;
			children = (
				7A17608F225BDA8400E94869 /* NotificationCenter.framework */,
			);
			name = Frameworks;
			sourceTree = "<group>";
		};
		7A176091225BDA8400E94869 /* CalculatorWidget */ = {
			isa = PBXGroup;
			children = (
				7A176092225BDA8400E94869 /* TodayViewController.swift */,
				7A176094225BDA8400E94869 /* MainInterface.storyboard */,
				7A176097225BDA8400E94869 /* Info.plist */,
			);
			path = CalculatorWidget;
			sourceTree = "<group>";
		};
/* End PBXGroup section */

/* Begin PBXNativeTarget section */
		464587D7223036AE006E613C /* Calculator */ = {
			isa = PBXNativeTarget;
			buildConfigurationList = 464587EA223036AF006E613C /* Build configuration list for PBXNativeTarget "Calculator" */;
			buildPhases = (
				464587D4223036AE006E613C /* Sources */,
				464587D5223036AE006E613C /* Frameworks */,
				464587D6223036AE006E613C /* Resources */,
				4645883C22303A61006E613C /* Embed Frameworks */,
				7A17609E225BDA8400E94869 /* Embed App Extensions */,
			);
			buildRules = (
			);
			dependencies = (
				7A176099225BDA8400E94869 /* PBXTargetDependency */,
				7A1414B7225BDC3B008F0382 /* PBXTargetDependency */,
			);
			name = Calculator;
			productName = Calculator;
			productReference = 464587D8223036AE006E613C /* Calculator.app */;
			productType = "com.apple.product-type.application";
		};
		7A17608C225BDA8400E94869 /* CalculatorWidget */ = {
			isa = PBXNativeTarget;
			buildConfigurationList = 7A17609B225BDA8400E94869 /* Build configuration list for PBXNativeTarget "CalculatorWidget" */;
			buildPhases = (
				7A176089225BDA8400E94869 /* Sources */,
				7A17608A225BDA8400E94869 /* Frameworks */,
				7A17608B225BDA8400E94869 /* Resources */,
			);
			buildRules = (
			);
			dependencies = (
			);
			name = CalculatorWidget;
			productName = CalculatorWidget;
			productReference = 7A17608D225BDA8400E94869 /* CalculatorWidget.appex */;
			productType = "com.apple.product-type.app-extension";
		};
/* End PBXNativeTarget section */

/* Begin PBXProject section */
		464587D0223036AE006E613C /* Project object */ = {
			isa = PBXProject;
			attributes = {
				LastSwiftUpdateCheck = 1020;
				LastUpgradeCheck = 1010;
				ORGANIZATIONNAME = "Spencer Curtis";
				TargetAttributes = {
					464587D7223036AE006E613C = {
						CreatedOnToolsVersion = 10.1;
					};
					7A17608C225BDA8400E94869 = {
						CreatedOnToolsVersion = 10.2;
					};
				};
			};
			buildConfigurationList = 464587D3223036AE006E613C /* Build configuration list for PBXProject "Calculator" */;
			compatibilityVersion = "Xcode 9.3";
			developmentRegion = en;
			hasScannedForEncodings = 0;
			knownRegions = (
				en,
				Base,
			);
			mainGroup = 464587CF223036AE006E613C;
			productRefGroup = 464587D9223036AE006E613C /* Products */;
			projectDirPath = "";
			projectReferences = (
				{
					ProductGroup = 4645884E22308414006E613C /* Products */;
					ProjectRef = 4645884D22308414006E613C /* RPN.xcodeproj */;
				},
			);
			projectRoot = "";
			targets = (
				464587D7223036AE006E613C /* Calculator */,
				7A17608C225BDA8400E94869 /* CalculatorWidget */,
			);
		};
/* End PBXProject section */

/* Begin PBXReferenceProxy section */
		4645885222308414006E613C /* RPN.framework */ = {
			isa = PBXReferenceProxy;
			fileType = wrapper.framework;
			path = RPN.framework;
			remoteRef = 4645885122308414006E613C /* PBXContainerItemProxy */;
			sourceTree = BUILT_PRODUCTS_DIR;
		};
/* End PBXReferenceProxy section */

/* Begin PBXResourcesBuildPhase section */
		464587D6223036AE006E613C /* Resources */ = {
			isa = PBXResourcesBuildPhase;
			buildActionMask = 2147483647;
			files = (
				464587E6223036AF006E613C /* LaunchScreen.storyboard in Resources */,
				464587E3223036AF006E613C /* Assets.xcassets in Resources */,
				464587E1223036AE006E613C /* Main.storyboard in Resources */,
			);
			runOnlyForDeploymentPostprocessing = 0;
		};
		7A17608B225BDA8400E94869 /* Resources */ = {
			isa = PBXResourcesBuildPhase;
			buildActionMask = 2147483647;
			files = (
				7A176096225BDA8400E94869 /* MainInterface.storyboard in Resources */,
			);
			runOnlyForDeploymentPostprocessing = 0;
		};
/* End PBXResourcesBuildPhase section */

/* Begin PBXSourcesBuildPhase section */
		464587D4223036AE006E613C /* Sources */ = {
			isa = PBXSourcesBuildPhase;
			buildActionMask = 2147483647;
			files = (
				4645884722304F14006E613C /* CalculatorViewController.swift in Sources */,
				464587DC223036AE006E613C /* AppDelegate.swift in Sources */,
				7A1414B8225BDD3A008F0382 /* TodayViewController.swift in Sources */,
			);
			runOnlyForDeploymentPostprocessing = 0;
		};
		7A176089225BDA8400E94869 /* Sources */ = {
			isa = PBXSourcesBuildPhase;
			buildActionMask = 2147483647;
			files = (
				7A176093225BDA8400E94869 /* TodayViewController.swift in Sources */,
			);
			runOnlyForDeploymentPostprocessing = 0;
		};
/* End PBXSourcesBuildPhase section */

/* Begin PBXTargetDependency section */
		7A1414B7225BDC3B008F0382 /* PBXTargetDependency */ = {
			isa = PBXTargetDependency;
			name = RPN;
			targetProxy = 7A1414B6225BDC3B008F0382 /* PBXContainerItemProxy */;
		};
		7A176099225BDA8400E94869 /* PBXTargetDependency */ = {
			isa = PBXTargetDependency;
			target = 7A17608C225BDA8400E94869 /* CalculatorWidget */;
			targetProxy = 7A176098225BDA8400E94869 /* PBXContainerItemProxy */;
		};
/* End PBXTargetDependency section */

/* Begin PBXVariantGroup section */
		464587DF223036AE006E613C /* Main.storyboard */ = {
			isa = PBXVariantGroup;
			children = (
				464587E0223036AE006E613C /* Base */,
			);
			name = Main.storyboard;
			sourceTree = "<group>";
		};
		464587E4223036AF006E613C /* LaunchScreen.storyboard */ = {
			isa = PBXVariantGroup;
			children = (
				464587E5223036AF006E613C /* Base */,
			);
			name = LaunchScreen.storyboard;
			sourceTree = "<group>";
		};
		7A176094225BDA8400E94869 /* MainInterface.storyboard */ = {
			isa = PBXVariantGroup;
			children = (
				7A176095225BDA8400E94869 /* Base */,
			);
			name = MainInterface.storyboard;
			sourceTree = "<group>";
		};
/* End PBXVariantGroup section */

/* Begin XCBuildConfiguration section */
		464587E8223036AF006E613C /* Debug */ = {
			isa = XCBuildConfiguration;
			buildSettings = {
				ALWAYS_SEARCH_USER_PATHS = NO;
				CLANG_ANALYZER_NONNULL = YES;
				CLANG_ANALYZER_NUMBER_OBJECT_CONVERSION = YES_AGGRESSIVE;
				CLANG_CXX_LANGUAGE_STANDARD = "gnu++14";
				CLANG_CXX_LIBRARY = "libc++";
				CLANG_ENABLE_MODULES = YES;
				CLANG_ENABLE_OBJC_ARC = YES;
				CLANG_ENABLE_OBJC_WEAK = YES;
				CLANG_WARN_BLOCK_CAPTURE_AUTORELEASING = YES;
				CLANG_WARN_BOOL_CONVERSION = YES;
				CLANG_WARN_COMMA = YES;
				CLANG_WARN_CONSTANT_CONVERSION = YES;
				CLANG_WARN_DEPRECATED_OBJC_IMPLEMENTATIONS = YES;
				CLANG_WARN_DIRECT_OBJC_ISA_USAGE = YES_ERROR;
				CLANG_WARN_DOCUMENTATION_COMMENTS = YES;
				CLANG_WARN_EMPTY_BODY = YES;
				CLANG_WARN_ENUM_CONVERSION = YES;
				CLANG_WARN_INFINITE_RECURSION = YES;
				CLANG_WARN_INT_CONVERSION = YES;
				CLANG_WARN_NON_LITERAL_NULL_CONVERSION = YES;
				CLANG_WARN_OBJC_IMPLICIT_RETAIN_SELF = YES;
				CLANG_WARN_OBJC_LITERAL_CONVERSION = YES;
				CLANG_WARN_OBJC_ROOT_CLASS = YES_ERROR;
				CLANG_WARN_RANGE_LOOP_ANALYSIS = YES;
				CLANG_WARN_STRICT_PROTOTYPES = YES;
				CLANG_WARN_SUSPICIOUS_MOVE = YES;
				CLANG_WARN_UNGUARDED_AVAILABILITY = YES_AGGRESSIVE;
				CLANG_WARN_UNREACHABLE_CODE = YES;
				CLANG_WARN__DUPLICATE_METHOD_MATCH = YES;
				CODE_SIGN_IDENTITY = "iPhone Developer";
				COPY_PHASE_STRIP = NO;
				DEBUG_INFORMATION_FORMAT = dwarf;
				ENABLE_STRICT_OBJC_MSGSEND = YES;
				ENABLE_TESTABILITY = YES;
				GCC_C_LANGUAGE_STANDARD = gnu11;
				GCC_DYNAMIC_NO_PIC = NO;
				GCC_NO_COMMON_BLOCKS = YES;
				GCC_OPTIMIZATION_LEVEL = 0;
				GCC_PREPROCESSOR_DEFINITIONS = (
					"DEBUG=1",
					"$(inherited)",
				);
				GCC_WARN_64_TO_32_BIT_CONVERSION = YES;
				GCC_WARN_ABOUT_RETURN_TYPE = YES_ERROR;
				GCC_WARN_UNDECLARED_SELECTOR = YES;
				GCC_WARN_UNINITIALIZED_AUTOS = YES_AGGRESSIVE;
				GCC_WARN_UNUSED_FUNCTION = YES;
				GCC_WARN_UNUSED_VARIABLE = YES;
				IPHONEOS_DEPLOYMENT_TARGET = 12.1;
				MTL_ENABLE_DEBUG_INFO = INCLUDE_SOURCE;
				MTL_FAST_MATH = YES;
				ONLY_ACTIVE_ARCH = YES;
				SDKROOT = iphoneos;
				SWIFT_ACTIVE_COMPILATION_CONDITIONS = DEBUG;
				SWIFT_OPTIMIZATION_LEVEL = "-Onone";
			};
			name = Debug;
		};
		464587E9223036AF006E613C /* Release */ = {
			isa = XCBuildConfiguration;
			buildSettings = {
				ALWAYS_SEARCH_USER_PATHS = NO;
				CLANG_ANALYZER_NONNULL = YES;
				CLANG_ANALYZER_NUMBER_OBJECT_CONVERSION = YES_AGGRESSIVE;
				CLANG_CXX_LANGUAGE_STANDARD = "gnu++14";
				CLANG_CXX_LIBRARY = "libc++";
				CLANG_ENABLE_MODULES = YES;
				CLANG_ENABLE_OBJC_ARC = YES;
				CLANG_ENABLE_OBJC_WEAK = YES;
				CLANG_WARN_BLOCK_CAPTURE_AUTORELEASING = YES;
				CLANG_WARN_BOOL_CONVERSION = YES;
				CLANG_WARN_COMMA = YES;
				CLANG_WARN_CONSTANT_CONVERSION = YES;
				CLANG_WARN_DEPRECATED_OBJC_IMPLEMENTATIONS = YES;
				CLANG_WARN_DIRECT_OBJC_ISA_USAGE = YES_ERROR;
				CLANG_WARN_DOCUMENTATION_COMMENTS = YES;
				CLANG_WARN_EMPTY_BODY = YES;
				CLANG_WARN_ENUM_CONVERSION = YES;
				CLANG_WARN_INFINITE_RECURSION = YES;
				CLANG_WARN_INT_CONVERSION = YES;
				CLANG_WARN_NON_LITERAL_NULL_CONVERSION = YES;
				CLANG_WARN_OBJC_IMPLICIT_RETAIN_SELF = YES;
				CLANG_WARN_OBJC_LITERAL_CONVERSION = YES;
				CLANG_WARN_OBJC_ROOT_CLASS = YES_ERROR;
				CLANG_WARN_RANGE_LOOP_ANALYSIS = YES;
				CLANG_WARN_STRICT_PROTOTYPES = YES;
				CLANG_WARN_SUSPICIOUS_MOVE = YES;
				CLANG_WARN_UNGUARDED_AVAILABILITY = YES_AGGRESSIVE;
				CLANG_WARN_UNREACHABLE_CODE = YES;
				CLANG_WARN__DUPLICATE_METHOD_MATCH = YES;
				CODE_SIGN_IDENTITY = "iPhone Developer";
				COPY_PHASE_STRIP = NO;
				DEBUG_INFORMATION_FORMAT = "dwarf-with-dsym";
				ENABLE_NS_ASSERTIONS = NO;
				ENABLE_STRICT_OBJC_MSGSEND = YES;
				GCC_C_LANGUAGE_STANDARD = gnu11;
				GCC_NO_COMMON_BLOCKS = YES;
				GCC_WARN_64_TO_32_BIT_CONVERSION = YES;
				GCC_WARN_ABOUT_RETURN_TYPE = YES_ERROR;
				GCC_WARN_UNDECLARED_SELECTOR = YES;
				GCC_WARN_UNINITIALIZED_AUTOS = YES_AGGRESSIVE;
				GCC_WARN_UNUSED_FUNCTION = YES;
				GCC_WARN_UNUSED_VARIABLE = YES;
				IPHONEOS_DEPLOYMENT_TARGET = 12.1;
				MTL_ENABLE_DEBUG_INFO = NO;
				MTL_FAST_MATH = YES;
				SDKROOT = iphoneos;
				SWIFT_COMPILATION_MODE = wholemodule;
				SWIFT_OPTIMIZATION_LEVEL = "-O";
				VALIDATE_PRODUCT = YES;
			};
			name = Release;
		};
		464587EB223036AF006E613C /* Debug */ = {
			isa = XCBuildConfiguration;
			buildSettings = {
				ALWAYS_EMBED_SWIFT_STANDARD_LIBRARIES = YES;
				ASSETCATALOG_COMPILER_APPICON_NAME = AppIcon;
				CODE_SIGN_STYLE = Automatic;
				DEVELOPMENT_TEAM = ZD9LN99SX6;
				INFOPLIST_FILE = Calculator/Info.plist;
				LD_RUNPATH_SEARCH_PATHS = (
					"$(inherited)",
					"@executable_path/Frameworks",
				);
				PRODUCT_BUNDLE_IDENTIFIER = com.NelsonGonzalez.Calculator;
				PRODUCT_NAME = "$(TARGET_NAME)";
				SWIFT_VERSION = 4.2;
				TARGETED_DEVICE_FAMILY = "1,2";
			};
			name = Debug;
		};
		464587EC223036AF006E613C /* Release */ = {
			isa = XCBuildConfiguration;
			buildSettings = {
				ALWAYS_EMBED_SWIFT_STANDARD_LIBRARIES = YES;
				ASSETCATALOG_COMPILER_APPICON_NAME = AppIcon;
				CODE_SIGN_STYLE = Automatic;
				DEVELOPMENT_TEAM = ZD9LN99SX6;
				INFOPLIST_FILE = Calculator/Info.plist;
				LD_RUNPATH_SEARCH_PATHS = (
					"$(inherited)",
					"@executable_path/Frameworks",
				);
				PRODUCT_BUNDLE_IDENTIFIER = com.NelsonGonzalez.Calculator;
				PRODUCT_NAME = "$(TARGET_NAME)";
				SWIFT_VERSION = 4.2;
				TARGETED_DEVICE_FAMILY = "1,2";
			};
			name = Release;
		};
		7A17609C225BDA8400E94869 /* Debug */ = {
			isa = XCBuildConfiguration;
			buildSettings = {
				CODE_SIGN_STYLE = Automatic;
				DEVELOPMENT_TEAM = ZD9LN99SX6;
				INFOPLIST_FILE = CalculatorWidget/Info.plist;
				IPHONEOS_DEPLOYMENT_TARGET = 12.2;
				LD_RUNPATH_SEARCH_PATHS = (
					"$(inherited)",
					"@executable_path/Frameworks",
					"@executable_path/../../Frameworks",
				);
				PRODUCT_BUNDLE_IDENTIFIER = com.NelsonGonzalez.Calculator.CalculatorWidget;
				PRODUCT_NAME = "$(TARGET_NAME)";
				SKIP_INSTALL = YES;
				SWIFT_VERSION = 5.0;
				TARGETED_DEVICE_FAMILY = "1,2";
			};
			name = Debug;
		};
		7A17609D225BDA8400E94869 /* Release */ = {
			isa = XCBuildConfiguration;
			buildSettings = {
				CODE_SIGN_STYLE = Automatic;
				DEVELOPMENT_TEAM = ZD9LN99SX6;
				INFOPLIST_FILE = CalculatorWidget/Info.plist;
				IPHONEOS_DEPLOYMENT_TARGET = 12.2;
				LD_RUNPATH_SEARCH_PATHS = (
					"$(inherited)",
					"@executable_path/Frameworks",
					"@executable_path/../../Frameworks",
				);
				PRODUCT_BUNDLE_IDENTIFIER = com.NelsonGonzalez.Calculator.CalculatorWidget;
				PRODUCT_NAME = "$(TARGET_NAME)";
				SKIP_INSTALL = YES;
				SWIFT_VERSION = 5.0;
				TARGETED_DEVICE_FAMILY = "1,2";
			};
			name = Release;
		};
/* End XCBuildConfiguration section */

/* Begin XCConfigurationList section */
		464587D3223036AE006E613C /* Build configuration list for PBXProject "Calculator" */ = {
			isa = XCConfigurationList;
			buildConfigurations = (
				464587E8223036AF006E613C /* Debug */,
				464587E9223036AF006E613C /* Release */,
			);
			defaultConfigurationIsVisible = 0;
			defaultConfigurationName = Release;
		};
		464587EA223036AF006E613C /* Build configuration list for PBXNativeTarget "Calculator" */ = {
			isa = XCConfigurationList;
			buildConfigurations = (
				464587EB223036AF006E613C /* Debug */,
				464587EC223036AF006E613C /* Release */,
			);
			defaultConfigurationIsVisible = 0;
			defaultConfigurationName = Release;
		};
		7A17609B225BDA8400E94869 /* Build configuration list for PBXNativeTarget "CalculatorWidget" */ = {
			isa = XCConfigurationList;
			buildConfigurations = (
				7A17609C225BDA8400E94869 /* Debug */,
				7A17609D225BDA8400E94869 /* Release */,
			);
			defaultConfigurationIsVisible = 0;
			defaultConfigurationName = Release;
		};
/* End XCConfigurationList section */
	};
	rootObject = 464587D0223036AE006E613C /* Project object */;
}
